
Microsoft Visual Studio Solution File, Format Version 12.00
# Visual Studio 14
VisualStudioVersion = 14.0.25420.1
MinimumVisualStudioVersion = 10.0.40219.1
Project("{8BC9CEB8-8B4A-11D0-8D11-00A0C91BC942}") = "Win32Project1", "Win32Project1\Win32Project1.vcxproj", "{D3BEDC05-4D85-4028-9854-D73849EF5AAD}"
EndProject
Project("{8BC9CEB8-8B4A-11D0-8D11-00A0C91BC942}") = "TriangleApp", "TriangleApp\TriangleApp.vcxproj", "{AC92A21D-1887-46BC-8ED2-62D9ADA44978}"
EndProject
Project("{8BC9CEB8-8B4A-11D0-8D11-00A0C91BC942}") = "BoxApp", "BoxApp\BoxApp.vcxproj", "{99FD890C-9118-42D1-BC6B-74A165047E05}"
EndProject
Project("{8BC9CEB8-8B4A-11D0-8D11-00A0C91BC942}") = "Add3DText", "Add3DText\Add3DText.vcxproj", "{D21CEAB8-804C-4F60-9D66-3C7E83824029}"
EndProject
Project("{8BC9CEB8-8B4A-11D0-8D11-00A0C91BC942}") = "BoxTexture", "BoxTexture\BoxTexture.vcxproj", "{248A2947-1B74-4FF8-9B3D-AA0C3B044095}"
EndProject
Project("{8BC9CEB8-8B4A-11D0-8D11-00A0C91BC942}") = "TriangleTexture", "TriangleTexture\TriangleTexture.vcxproj", "{878C882E-BFFA-4694-B25D-61F67FCAA643}"
EndProject
Global
	GlobalSection(SolutionConfigurationPlatforms) = preSolution
		Debug|x64 = Debug|x64
		Debug|x86 = Debug|x86
		Release|x64 = Release|x64
		Release|x86 = Release|x86
	EndGlobalSection
	GlobalSection(ProjectConfigurationPlatforms) = postSolution
		{D3BEDC05-4D85-4028-9854-D73849EF5AAD}.Debug|x64.ActiveCfg = Debug|x64
		{D3BEDC05-4D85-4028-9854-D73849EF5AAD}.Debug|x64.Build.0 = Debug|x64
		{D3BEDC05-4D85-4028-9854-D73849EF5AAD}.Debug|x86.ActiveCfg = Debug|Win32
		{D3BEDC05-4D85-4028-9854-D73849EF5AAD}.Debug|x86.Build.0 = Debug|Win32
		{D3BEDC05-4D85-4028-9854-D73849EF5AAD}.Release|x64.ActiveCfg = Release|x64
		{D3BEDC05-4D85-4028-9854-D73849EF5AAD}.Release|x64.Build.0 = Release|x64
		{D3BEDC05-4D85-4028-9854-D73849EF5AAD}.Release|x86.ActiveCfg = Release|Win32
		{D3BEDC05-4D85-4028-9854-D73849EF5AAD}.Release|x86.Build.0 = Release|Win32
		{AC92A21D-1887-46BC-8ED2-62D9ADA44978}.Debug|x64.ActiveCfg = Debug|x64
		{AC92A21D-1887-46BC-8ED2-62D9ADA44978}.Debug|x64.Build.0 = Debug|x64
		{AC92A21D-1887-46BC-8ED2-62D9ADA44978}.Debug|x86.ActiveCfg = Debug|Win32
		{AC92A21D-1887-46BC-8ED2-62D9ADA44978}.Debug|x86.Build.0 = Debug|Win32
		{AC92A21D-1887-46BC-8ED2-62D9ADA44978}.Release|x64.ActiveCfg = Release|x64
		{AC92A21D-1887-46BC-8ED2-62D9ADA44978}.Release|x64.Build.0 = Release|x64
		{AC92A21D-1887-46BC-8ED2-62D9ADA44978}.Release|x86.ActiveCfg = Release|Win32
		{AC92A21D-1887-46BC-8ED2-62D9ADA44978}.Release|x86.Build.0 = Release|Win32
		{99FD890C-9118-42D1-BC6B-74A165047E05}.Debug|x64.ActiveCfg = Debug|x64
		{99FD890C-9118-42D1-BC6B-74A165047E05}.Debug|x64.Build.0 = Debug|x64
		{99FD890C-9118-42D1-BC6B-74A165047E05}.Debug|x86.ActiveCfg = Debug|Win32
		{99FD890C-9118-42D1-BC6B-74A165047E05}.Debug|x86.Build.0 = Debug|Win32
		{99FD890C-9118-42D1-BC6B-74A165047E05}.Release|x64.ActiveCfg = Release|x64
		{99FD890C-9118-42D1-BC6B-74A165047E05}.Release|x64.Build.0 = Release|x64
		{99FD890C-9118-42D1-BC6B-74A165047E05}.Release|x86.ActiveCfg = Release|Win32
		{99FD890C-9118-42D1-BC6B-74A165047E05}.Release|x86.Build.0 = Release|Win32
		{D21CEAB8-804C-4F60-9D66-3C7E83824029}.Debug|x64.ActiveCfg = Debug|x64
		{D21CEAB8-804C-4F60-9D66-3C7E83824029}.Debug|x64.Build.0 = Debug|x64
		{D21CEAB8-804C-4F60-9D66-3C7E83824029}.Debug|x86.ActiveCfg = Debug|Win32
		{D21CEAB8-804C-4F60-9D66-3C7E83824029}.Debug|x86.Build.0 = Debug|Win32
		{D21CEAB8-804C-4F60-9D66-3C7E83824029}.Release|x64.ActiveCfg = Release|x64
		{D21CEAB8-804C-4F60-9D66-3C7E83824029}.Release|x64.Build.0 = Release|x64
		{D21CEAB8-804C-4F60-9D66-3C7E83824029}.Release|x86.ActiveCfg = Release|Win32
		{D21CEAB8-804C-4F60-9D66-3C7E83824029}.Release|x86.Build.0 = Release|Win32
		{248A2947-1B74-4FF8-9B3D-AA0C3B044095}.Debug|x64.ActiveCfg = Debug|x64
		{248A2947-1B74-4FF8-9B3D-AA0C3B044095}.Debug|x64.Build.0 = Debug|x64
		{248A2947-1B74-4FF8-9B3D-AA0C3B044095}.Debug|x86.ActiveCfg = Debug|Win32
		{248A2947-1B74-4FF8-9B3D-AA0C3B044095}.Debug|x86.Build.0 = Debug|Win32
		{248A2947-1B74-4FF8-9B3D-AA0C3B044095}.Release|x64.ActiveCfg = Release|x64
		{248A2947-1B74-4FF8-9B3D-AA0C3B044095}.Release|x64.Build.0 = Release|x64
		{248A2947-1B74-4FF8-9B3D-AA0C3B044095}.Release|x86.ActiveCfg = Release|Win32
		{248A2947-1B74-4FF8-9B3D-AA0C3B044095}.Release|x86.Build.0 = Release|Win32
		{878C882E-BFFA-4694-B25D-61F67FCAA643}.Debug|x64.ActiveCfg = Debug|x64
		{878C882E-BFFA-4694-B25D-61F67FCAA643}.Debug|x64.Build.0 = Debug|x64
		{878C882E-BFFA-4694-B25D-61F67FCAA643}.Debug|x86.ActiveCfg = Debug|Win32
		{878C882E-BFFA-4694-B25D-61F67FCAA643}.Debug|x86.Build.0 = Debug|Win32
		{878C882E-BFFA-4694-B25D-61F67FCAA643}.Release|x64.ActiveCfg = Release|x64
		{878C882E-BFFA-4694-B25D-61F67FCAA643}.Release|x64.Build.0 = Release|x64
		{878C882E-BFFA-4694-B25D-61F67FCAA643}.Release|x86.ActiveCfg = Release|Win32
		{878C882E-BFFA-4694-B25D-61F67FCAA643}.Release|x86.Build.0 = Release|Win32
	EndGlobalSection
	GlobalSection(SolutionProperties) = preSolution
		HideSolutionNode = FALSE
	EndGlobalSection
EndGlobal
